
Microsoft Visual Studio Solution File, Format Version 12.00
# Visual Studio Version 16
VisualStudioVersion = 16.0.31702.278
MinimumVisualStudioVersion = 10.0.40219.1
Project("{FAE04EC0-301F-11D3-BF4B-00C04F79EFBC}") = "WebAPI", "WebAPI\WebAPI.csproj", "{7D38FC31-88C3-40DB-A690-4B551B574E7B}"
EndProject
Project("{E53339B2-1760-4266-BCC7-CA923CBCF16C}") = "docker-compose", "docker-compose.dcproj", "{3E8B77A4-54A8-4A8F-AD72-7CF4439847F6}"
EndProject
Global
	GlobalSection(SolutionConfigurationPlatforms) = preSolution
		Debug|Any CPU = Debug|Any CPU
		Release|Any CPU = Release|Any CPU
	EndGlobalSection
	GlobalSection(ProjectConfigurationPlatforms) = postSolution
		{7D38FC31-88C3-40DB-A690-4B551B574E7B}.Debug|Any CPU.ActiveCfg = Debug|Any CPU
		{7D38FC31-88C3-40DB-A690-4B551B574E7B}.Debug|Any CPU.Build.0 = Debug|Any CPU
		{7D38FC31-88C3-40DB-A690-4B551B574E7B}.Release|Any CPU.ActiveCfg = Release|Any CPU
		{7D38FC31-88C3-40DB-A690-4B551B574E7B}.Release|Any CPU.Build.0 = Release|Any CPU
		{3E8B77A4-54A8-4A8F-AD72-7CF4439847F6}.Debug|Any CPU.ActiveCfg = Debug|Any CPU
		{3E8B77A4-54A8-4A8F-AD72-7CF4439847F6}.Debug|Any CPU.Build.0 = Debug|Any CPU
		{3E8B77A4-54A8-4A8F-AD72-7CF4439847F6}.Release|Any CPU.ActiveCfg = Release|Any CPU
		{3E8B77A4-54A8-4A8F-AD72-7CF4439847F6}.Release|Any CPU.Build.0 = Release|Any CPU
	EndGlobalSection
	GlobalSection(SolutionProperties) = preSolution
		HideSolutionNode = FALSE
	EndGlobalSection
	GlobalSection(ExtensibilityGlobals) = postSolution
		SolutionGuid = {3CEC73C3-F00A-4FE6-B90D-E918EAF093DA}
	EndGlobalSection
EndGlobal
